// !$*UTF8*$!
{
	archiveVersion = 1;
	classes = {
	};
	objectVersion = 46;
	objects = {

/* Begin PBXBuildFile section */
		CE0ECADC1CC1203D00AB041F /* NSString+Trim.m in Sources */ = {isa = PBXBuildFile; fileRef = CE0ECADB1CC1203D00AB041F /* NSString+Trim.m */; };
		CEA54BEA1B40A1FC00D8657E /* AppDelegate.m in Sources */ = {isa = PBXBuildFile; fileRef = CEA54BE91B40A1FC00D8657E /* AppDelegate.m */; };
		CEA54BED1B40A1FC00D8657E /* main.m in Sources */ = {isa = PBXBuildFile; fileRef = CEA54BEC1B40A1FC00D8657E /* main.m */; };
		CEA54BF21B40A1FC00D8657E /* MainMenu.xib in Resources */ = {isa = PBXBuildFile; fileRef = CEA54BF01B40A1FC00D8657E /* MainMenu.xib */; };
		CEA54BFA1B40A23900D8657E /* Media.xcassets in Resources */ = {isa = PBXBuildFile; fileRef = CEA54BF91B40A23900D8657E /* Media.xcassets */; };
/* End PBXBuildFile section */

/* Begin PBXFileReference section */
		CE0ECADA1CC1203D00AB041F /* NSString+Trim.h */ = {isa = PBXFileReference; fileEncoding = 4; lastKnownFileType = sourcecode.c.h; path = "NSString+Trim.h"; sourceTree = "<group>"; };
		CE0ECADB1CC1203D00AB041F /* NSString+Trim.m */ = {isa = PBXFileReference; fileEncoding = 4; lastKnownFileType = sourcecode.c.objc; path = "NSString+Trim.m"; sourceTree = "<group>"; };
		CEA54BE51B40A1FC00D8657E /* Spotify Notifier.app */ = {isa = PBXFileReference; explicitFileType = wrapper.application; includeInIndex = 0; path = "Spotify Notifier.app"; sourceTree = BUILT_PRODUCTS_DIR; };
		CEA54BE81B40A1FC00D8657E /* AppDelegate.h */ = {isa = PBXFileReference; lastKnownFileType = sourcecode.c.h; path = AppDelegate.h; sourceTree = "<group>"; };
		CEA54BE91B40A1FC00D8657E /* AppDelegate.m */ = {isa = PBXFileReference; lastKnownFileType = sourcecode.c.objc; path = AppDelegate.m; sourceTree = "<group>"; };
		CEA54BEC1B40A1FC00D8657E /* main.m */ = {isa = PBXFileReference; lastKnownFileType = sourcecode.c.objc; path = main.m; sourceTree = "<group>"; };
		CEA54BF11B40A1FC00D8657E /* Base */ = {isa = PBXFileReference; lastKnownFileType = file.xib; name = Base; path = Base.lproj/MainMenu.xib; sourceTree = "<group>"; };
		CEA54BF31B40A1FC00D8657E /* Info.plist */ = {isa = PBXFileReference; lastKnownFileType = text.plist.xml; path = Info.plist; sourceTree = "<group>"; };
		CEA54BF91B40A23900D8657E /* Media.xcassets */ = {isa = PBXFileReference; lastKnownFileType = folder.assetcatalog; path = Media.xcassets; sourceTree = "<group>"; };
/* End PBXFileReference section */

/* Begin PBXFrameworksBuildPhase section */
		CEA54BE21B40A1FC00D8657E /* Frameworks */ = {
			isa = PBXFrameworksBuildPhase;
			buildActionMask = 2147483647;
			files = (
			);
			runOnlyForDeploymentPostprocessing = 0;
		};
/* End PBXFrameworksBuildPhase section */

/* Begin PBXGroup section */
		CEA54BDC1B40A1FC00D8657E = {
			isa = PBXGroup;
			children = (
				CEA54BE71B40A1FC00D8657E /* Spotify Notifier */,
				CEA54BE61B40A1FC00D8657E /* Products */,
			);
			sourceTree = "<group>";
		};
		CEA54BE61B40A1FC00D8657E /* Products */ = {
			isa = PBXGroup;
			children = (
				CEA54BE51B40A1FC00D8657E /* Spotify Notifier.app */,
			);
			name = Products;
			sourceTree = "<group>";
		};
		CEA54BE71B40A1FC00D8657E /* Spotify Notifier */ = {
			isa = PBXGroup;
			children = (
				CEA54BE81B40A1FC00D8657E /* AppDelegate.h */,
				CEA54BE91B40A1FC00D8657E /* AppDelegate.m */,
				CE0ECADA1CC1203D00AB041F /* NSString+Trim.h */,
				CE0ECADB1CC1203D00AB041F /* NSString+Trim.m */,
				CEA54BF91B40A23900D8657E /* Media.xcassets */,
				CEA54BF01B40A1FC00D8657E /* MainMenu.xib */,
				CEA54BF31B40A1FC00D8657E /* Info.plist */,
				CEA54BEB1B40A1FC00D8657E /* Supporting Files */,
			);
			path = "Spotify Notifier";
			sourceTree = "<group>";
		};
		CEA54BEB1B40A1FC00D8657E /* Supporting Files */ = {
			isa = PBXGroup;
			children = (
				CEA54BEC1B40A1FC00D8657E /* main.m */,
			);
			name = "Supporting Files";
			sourceTree = "<group>";
		};
/* End PBXGroup section */

/* Begin PBXNativeTarget section */
		CEA54BE41B40A1FC00D8657E /* Spotify Notifier */ = {
			isa = PBXNativeTarget;
			buildConfigurationList = CEA54BF61B40A1FC00D8657E /* Build configuration list for PBXNativeTarget "Spotify Notifier" */;
			buildPhases = (
				CEA54BE11B40A1FC00D8657E /* Sources */,
				CEA54BE21B40A1FC00D8657E /* Frameworks */,
				CEA54BE31B40A1FC00D8657E /* Resources */,
			);
			buildRules = (
			);
			dependencies = (
			);
			name = "Spotify Notifier";
			productName = "Spotify Notifier";
			productReference = CEA54BE51B40A1FC00D8657E /* Spotify Notifier.app */;
			productType = "com.apple.product-type.application";
		};
/* End PBXNativeTarget section */

/* Begin PBXProject section */
		CEA54BDD1B40A1FC00D8657E /* Project object */ = {
			isa = PBXProject;
			attributes = {
				LastUpgradeCheck = 0700;
				ORGANIZATIONNAME = Moray;
				TargetAttributes = {
					CEA54BE41B40A1FC00D8657E = {
						CreatedOnToolsVersion = 7.0;
					};
				};
			};
			buildConfigurationList = CEA54BE01B40A1FC00D8657E /* Build configuration list for PBXProject "Spotify Notifier" */;
			compatibilityVersion = "Xcode 3.2";
			developmentRegion = English;
			hasScannedForEncodings = 0;
			knownRegions = (
				en,
				Base,
			);
			mainGroup = CEA54BDC1B40A1FC00D8657E;
			productRefGroup = CEA54BE61B40A1FC00D8657E /* Products */;
			projectDirPath = "";
			projectRoot = "";
			targets = (
				CEA54BE41B40A1FC00D8657E /* Spotify Notifier */,
			);
		};
/* End PBXProject section */

/* Begin PBXResourcesBuildPhase section */
		CEA54BE31B40A1FC00D8657E /* Resources */ = {
			isa = PBXResourcesBuildPhase;
			buildActionMask = 2147483647;
			files = (
				CEA54BFA1B40A23900D8657E /* Media.xcassets in Resources */,
				CEA54BF21B40A1FC00D8657E /* MainMenu.xib in Resources */,
			);
			runOnlyForDeploymentPostprocessing = 0;
		};
/* End PBXResourcesBuildPhase section */

/* Begin PBXSourcesBuildPhase section */
		CEA54BE11B40A1FC00D8657E /* Sources */ = {
			isa = PBXSourcesBuildPhase;
			buildActionMask = 2147483647;
			files = (
				CEA54BED1B40A1FC00D8657E /* main.m in Sources */,
				CE0ECADC1CC1203D00AB041F /* NSString+Trim.m in Sources */,
				CEA54BEA1B40A1FC00D8657E /* AppDelegate.m in Sources */,
			);
			runOnlyForDeploymentPostprocessing = 0;
		};
/* End PBXSourcesBuildPhase section */

/* Begin PBXVariantGroup section */
		CEA54BF01B40A1FC00D8657E /* MainMenu.xib */ = {
			isa = PBXVariantGroup;
			children = (
				CEA54BF11B40A1FC00D8657E /* Base */,
			);
			name = MainMenu.xib;
			sourceTree = "<group>";
		};
/* End PBXVariantGroup section */

/* Begin XCBuildConfiguration section */
		CEA54BF41B40A1FC00D8657E /* Debug */ = {
			isa = XCBuildConfiguration;
			buildSettings = {
				ALWAYS_SEARCH_USER_PATHS = NO;
				CLANG_CXX_LANGUAGE_STANDARD = "gnu++0x";
				CLANG_CXX_LIBRARY = "libc++";
				CLANG_ENABLE_MODULES = YES;
				CLANG_ENABLE_OBJC_ARC = YES;
				CLANG_WARN_BOOL_CONVERSION = YES;
				CLANG_WARN_CONSTANT_CONVERSION = YES;
				CLANG_WARN_DIRECT_OBJC_ISA_USAGE = YES_ERROR;
				CLANG_WARN_EMPTY_BODY = YES;
				CLANG_WARN_ENUM_CONVERSION = YES;
				CLANG_WARN_INT_CONVERSION = YES;
				CLANG_WARN_OBJC_ROOT_CLASS = YES_ERROR;
				CLANG_WARN_UNREACHABLE_CODE = YES;
				CLANG_WARN__DUPLICATE_METHOD_MATCH = YES;
				CODE_SIGN_IDENTITY = "-";
				COPY_PHASE_STRIP = NO;
				DEBUG_INFORMATION_FORMAT = dwarf;
				ENABLE_STRICT_OBJC_MSGSEND = YES;
				ENABLE_TESTABILITY = YES;
				GCC_C_LANGUAGE_STANDARD = gnu99;
				GCC_DYNAMIC_NO_PIC = NO;
				GCC_NO_COMMON_BLOCKS = YES;
				GCC_OPTIMIZATION_LEVEL = 0;
				GCC_PREPROCESSOR_DEFINITIONS = (
					"DEBUG=1",
					"$(inherited)",
				);
				GCC_WARN_64_TO_32_BIT_CONVERSION = YES;
				GCC_WARN_ABOUT_RETURN_TYPE = YES_ERROR;
				GCC_WARN_UNDECLARED_SELECTOR = YES;
				GCC_WARN_UNINITIALIZED_AUTOS = YES_AGGRESSIVE;
				GCC_WARN_UNUSED_FUNCTION = YES;
				GCC_WARN_UNUSED_VARIABLE = YES;
				MACOSX_DEPLOYMENT_TARGET = 10.10;
				MTL_ENABLE_DEBUG_INFO = YES;
				ONLY_ACTIVE_ARCH = YES;
				SDKROOT = macosx;
			};
			name = Debug;
		};
		CEA54BF51B40A1FC00D8657E /* Release */ = {
			isa = XCBuildConfiguration;
			buildSettings = {
				ALWAYS_SEARCH_USER_PATHS = NO;
				CLANG_CXX_LANGUAGE_STANDARD = "gnu++0x";
				CLANG_CXX_LIBRARY = "libc++";
				CLANG_ENABLE_MODULES = YES;
				CLANG_ENABLE_OBJC_ARC = YES;
				CLANG_WARN_BOOL_CONVERSION = YES;
				CLANG_WARN_CONSTANT_CONVERSION = YES;
				CLANG_WARN_DIRECT_OBJC_ISA_USAGE = YES_ERROR;
				CLANG_WARN_EMPTY_BODY = YES;
				CLANG_WARN_ENUM_CONVERSION = YES;
				CLANG_WARN_INT_CONVERSION = YES;
				CLANG_WARN_OBJC_ROOT_CLASS = YES_ERROR;
				CLANG_WARN_UNREACHABLE_CODE = YES;
				CLANG_WARN__DUPLICATE_METHOD_MATCH = YES;
				CODE_SIGN_IDENTITY = "-";
				COPY_PHASE_STRIP = NO;
				DEBUG_INFORMATION_FORMAT = "dwarf-with-dsym";
				ENABLE_NS_ASSERTIONS = NO;
				ENABLE_STRICT_OBJC_MSGSEND = YES;
				GCC_C_LANGUAGE_STANDARD = gnu99;
				GCC_NO_COMMON_BLOCKS = YES;
				GCC_WARN_64_TO_32_BIT_CONVERSION = YES;
				GCC_WARN_ABOUT_RETURN_TYPE = YES_ERROR;
				GCC_WARN_UNDECLARED_SELECTOR = YES;
				GCC_WARN_UNINITIALIZED_AUTOS = YES_AGGRESSIVE;
				GCC_WARN_UNUSED_FUNCTION = YES;
				GCC_WARN_UNUSED_VARIABLE = YES;
				MACOSX_DEPLOYMENT_TARGET = 10.10;
				MTL_ENABLE_DEBUG_INFO = NO;
				SDKROOT = macosx;
			};
			name = Release;
		};
		CEA54BF71B40A1FC00D8657E /* Debug */ = {
			isa = XCBuildConfiguration;
			buildSettings = {
				ASSETCATALOG_COMPILER_APPICON_NAME = AppIcon;
				COMBINE_HIDPI_IMAGES = YES;
				INFOPLIST_FILE = "Spotify Notifier/Info.plist";
				LD_RUNPATH_SEARCH_PATHS = "$(inherited) @executable_path/../Frameworks";
				PRODUCT_BUNDLE_IDENTIFIER = "moraybaruh.Spotify-Notifier";
				PRODUCT_NAME = "$(TARGET_NAME)";
			};
			name = Debug;
		};
		CEA54BF81B40A1FC00D8657E /* Release */ = {
			isa = XCBuildConfiguration;
			buildSettings = {
				ASSETCATALOG_COMPILER_APPICON_NAME = AppIcon;
				COMBINE_HIDPI_IMAGES = YES;
				INFOPLIST_FILE = "Spotify Notifier/Info.plist";
				LD_RUNPATH_SEARCH_PATHS = "$(inherited) @executable_path/../Frameworks";
				PRODUCT_BUNDLE_IDENTIFIER = "moraybaruh.Spotify-Notifier";
				PRODUCT_NAME = "$(TARGET_NAME)";
			};
			name = Release;
		};
/* End XCBuildConfiguration section */

/* Begin XCConfigurationList section */
		CEA54BE01B40A1FC00D8657E /* Build configuration list for PBXProject "Spotify Notifier" */ = {
			isa = XCConfigurationList;
			buildConfigurations = (
				CEA54BF41B40A1FC00D8657E /* Debug */,
				CEA54BF51B40A1FC00D8657E /* Release */,
			);
			defaultConfigurationIsVisible = 0;
			defaultConfigurationName = Release;
		};
		CEA54BF61B40A1FC00D8657E /* Build configuration list for PBXNativeTarget "Spotify Notifier" */ = {
			isa = XCConfigurationList;
			buildConfigurations = (
				CEA54BF71B40A1FC00D8657E /* Debug */,
				CEA54BF81B40A1FC00D8657E /* Release */,
			);
			defaultConfigurationIsVisible = 0;
			defaultConfigurationName = Release;
		};
/* End XCConfigurationList section */
	};
	rootObject = CEA54BDD1B40A1FC00D8657E /* Project object */;
}
